
Microsoft Visual Studio Solution File, Format Version 12.00
Project("{FAE04EC0-301F-11D3-BF4B-00C04F79EFBC}") = "ClassLibrary1", "ClassLibrary1\ClassLibrary1.csproj", "{2F948ED7-61FB-41A6-B621-C513EE1FE684}"
EndProject
Project("{FAE04EC0-301F-11D3-BF4B-00C04F79EFBC}") = "ConsoleApp1", "ConsoleApp1\ConsoleApp1.csproj", "{38796394-0047-4AD1-8BAC-68AD20E62DEE}"
EndProject
Global
	GlobalSection(SolutionConfigurationPlatforms) = preSolution
		Debug|Any CPU = Debug|Any CPU
		Release|Any CPU = Release|Any CPU
	EndGlobalSection
	GlobalSection(ProjectConfigurationPlatforms) = postSolution
		{2F948ED7-61FB-41A6-B621-C513EE1FE684}.Debug|Any CPU.ActiveCfg = Debug|Any CPU
		{2F948ED7-61FB-41A6-B621-C513EE1FE684}.Debug|Any CPU.Build.0 = Debug|Any CPU
		{2F948ED7-61FB-41A6-B621-C513EE1FE684}.Release|Any CPU.ActiveCfg = Release|Any CPU
		{2F948ED7-61FB-41A6-B621-C513EE1FE684}.Release|Any CPU.Build.0 = Release|Any CPU
		{38796394-0047-4AD1-8BAC-68AD20E62DEE}.Debug|Any CPU.ActiveCfg = Debug|Any CPU
		{38796394-0047-4AD1-8BAC-68AD20E62DEE}.Debug|Any CPU.Build.0 = Debug|Any CPU
		{38796394-0047-4AD1-8BAC-68AD20E62DEE}.Release|Any CPU.ActiveCfg = Release|Any CPU
		{38796394-0047-4AD1-8BAC-68AD20E62DEE}.Release|Any CPU.Build.0 = Release|Any CPU
	EndGlobalSection
EndGlobal
